
Microsoft Visual Studio Solution File, Format Version 12.00
# Visual Studio Version 16
VisualStudioVersion = 25.0.1705.4
MinimumVisualStudioVersion = 10.0.40219.1
Project("{FAE04EC0-301F-11D3-BF4B-00C04F79EFBC}") = "HackerRank", "HackerRank\HackerRank.csproj", "{BDBD0E7B-DD02-4D0F-9792-AC39D75CC542}"
EndProject
Global
	GlobalSection(SolutionConfigurationPlatforms) = preSolution
		Debug|Any CPU = Debug|Any CPU
		Release|Any CPU = Release|Any CPU
	EndGlobalSection
	GlobalSection(ProjectConfigurationPlatforms) = postSolution
		{BDBD0E7B-DD02-4D0F-9792-AC39D75CC542}.Debug|Any CPU.ActiveCfg = Debug|Any CPU
		{BDBD0E7B-DD02-4D0F-9792-AC39D75CC542}.Debug|Any CPU.Build.0 = Debug|Any CPU
		{BDBD0E7B-DD02-4D0F-9792-AC39D75CC542}.Release|Any CPU.ActiveCfg = Release|Any CPU
		{BDBD0E7B-DD02-4D0F-9792-AC39D75CC542}.Release|Any CPU.Build.0 = Release|Any CPU
	EndGlobalSection
	GlobalSection(SolutionProperties) = preSolution
		HideSolutionNode = FALSE
	EndGlobalSection
	GlobalSection(ExtensibilityGlobals) = postSolution
		SolutionGuid = {38289255-365A-4E8C-9278-FC7E02BD172E}
	EndGlobalSection
EndGlobal
